
Microsoft Visual Studio Solution File, Format Version 12.00
# Visual Studio Version 17
VisualStudioVersion = 17.9.34622.214
MinimumVisualStudioVersion = 10.0.40219.1
Project("{FAE04EC0-301F-11D3-BF4B-00C04F79EFBC}") = "Relogio", "Relogio\Relogio.csproj", "{EA553E06-7DBE-4AA3-A2D8-6C088AD2EC92}"
EndProject
Global
	GlobalSection(SolutionConfigurationPlatforms) = preSolution
		Debug|Any CPU = Debug|Any CPU
		Release|Any CPU = Release|Any CPU
	EndGlobalSection
	GlobalSection(ProjectConfigurationPlatforms) = postSolution
		{EA553E06-7DBE-4AA3-A2D8-6C088AD2EC92}.Debug|Any CPU.ActiveCfg = Debug|Any CPU
		{EA553E06-7DBE-4AA3-A2D8-6C088AD2EC92}.Debug|Any CPU.Build.0 = Debug|Any CPU
		{EA553E06-7DBE-4AA3-A2D8-6C088AD2EC92}.Release|Any CPU.ActiveCfg = Release|Any CPU
		{EA553E06-7DBE-4AA3-A2D8-6C088AD2EC92}.Release|Any CPU.Build.0 = Release|Any CPU
	EndGlobalSection
	GlobalSection(SolutionProperties) = preSolution
		HideSolutionNode = FALSE
	EndGlobalSection
	GlobalSection(ExtensibilityGlobals) = postSolution
		SolutionGuid = {144CA65E-D475-4D9F-BFCB-352A338A6887}
	EndGlobalSection
EndGlobal
